
Microsoft Visual Studio Solution File, Format Version 12.00
# Visual Studio Express 14 for Windows Desktop
VisualStudioVersion = 14.0.23107.0
MinimumVisualStudioVersion = 10.0.40219.1
Project("{8BC9CEB8-8B4A-11D0-8D11-00A0C91BC942}") = "badspy.c", "badspy.c\badspy.c.vcxproj", "{CF4B9068-696E-4C76-B72A-7940A2B184C0}"
EndProject
Project("{8BC9CEB8-8B4A-11D0-8D11-00A0C91BC942}") = "badspy.m", "badspy.m\badspy.m.vcxproj", "{727F723F-DCEC-4E36-8442-B5C7DA4D0A77}"
EndProject
Project("{FAE04EC0-301F-11D3-BF4B-00C04F79EFBC}") = "utils", "utils\utils.csproj", "{9856A327-4F41-4D7E-B343-18E691155DAB}"
EndProject
Global
	GlobalSection(SolutionConfigurationPlatforms) = preSolution
		Debug|Any CPU = Debug|Any CPU
		Debug|x64 = Debug|x64
		Debug|x86 = Debug|x86
		Release|Any CPU = Release|Any CPU
		Release|x64 = Release|x64
		Release|x86 = Release|x86
	EndGlobalSection
	GlobalSection(ProjectConfigurationPlatforms) = postSolution
		{CF4B9068-696E-4C76-B72A-7940A2B184C0}.Debug|Any CPU.ActiveCfg = Debug|Win32
		{CF4B9068-696E-4C76-B72A-7940A2B184C0}.Debug|Any CPU.Build.0 = Debug|Win32
		{CF4B9068-696E-4C76-B72A-7940A2B184C0}.Debug|x64.ActiveCfg = Debug|x64
		{CF4B9068-696E-4C76-B72A-7940A2B184C0}.Debug|x64.Build.0 = Debug|x64
		{CF4B9068-696E-4C76-B72A-7940A2B184C0}.Debug|x86.ActiveCfg = Debug|Win32
		{CF4B9068-696E-4C76-B72A-7940A2B184C0}.Debug|x86.Build.0 = Debug|Win32
		{CF4B9068-696E-4C76-B72A-7940A2B184C0}.Release|Any CPU.ActiveCfg = Release|Win32
		{CF4B9068-696E-4C76-B72A-7940A2B184C0}.Release|x64.ActiveCfg = Release|x64
		{CF4B9068-696E-4C76-B72A-7940A2B184C0}.Release|x64.Build.0 = Release|x64
		{CF4B9068-696E-4C76-B72A-7940A2B184C0}.Release|x86.ActiveCfg = Release|Win32
		{CF4B9068-696E-4C76-B72A-7940A2B184C0}.Release|x86.Build.0 = Release|Win32
		{727F723F-DCEC-4E36-8442-B5C7DA4D0A77}.Debug|Any CPU.ActiveCfg = Debug|Win32
		{727F723F-DCEC-4E36-8442-B5C7DA4D0A77}.Debug|Any CPU.Build.0 = Debug|Win32
		{727F723F-DCEC-4E36-8442-B5C7DA4D0A77}.Debug|x64.ActiveCfg = Debug|x64
		{727F723F-DCEC-4E36-8442-B5C7DA4D0A77}.Debug|x64.Build.0 = Debug|x64
		{727F723F-DCEC-4E36-8442-B5C7DA4D0A77}.Debug|x86.ActiveCfg = Debug|Win32
		{727F723F-DCEC-4E36-8442-B5C7DA4D0A77}.Debug|x86.Build.0 = Debug|Win32
		{727F723F-DCEC-4E36-8442-B5C7DA4D0A77}.Release|Any CPU.ActiveCfg = Release|Win32
		{727F723F-DCEC-4E36-8442-B5C7DA4D0A77}.Release|x64.ActiveCfg = Release|x64
		{727F723F-DCEC-4E36-8442-B5C7DA4D0A77}.Release|x64.Build.0 = Release|x64
		{727F723F-DCEC-4E36-8442-B5C7DA4D0A77}.Release|x86.ActiveCfg = Release|Win32
		{727F723F-DCEC-4E36-8442-B5C7DA4D0A77}.Release|x86.Build.0 = Release|Win32
		{9856A327-4F41-4D7E-B343-18E691155DAB}.Debug|Any CPU.ActiveCfg = Debug|Any CPU
		{9856A327-4F41-4D7E-B343-18E691155DAB}.Debug|Any CPU.Build.0 = Debug|Any CPU
		{9856A327-4F41-4D7E-B343-18E691155DAB}.Debug|x64.ActiveCfg = Debug|Any CPU
		{9856A327-4F41-4D7E-B343-18E691155DAB}.Debug|x64.Build.0 = Debug|Any CPU
		{9856A327-4F41-4D7E-B343-18E691155DAB}.Debug|x86.ActiveCfg = Debug|Any CPU
		{9856A327-4F41-4D7E-B343-18E691155DAB}.Debug|x86.Build.0 = Debug|Any CPU
		{9856A327-4F41-4D7E-B343-18E691155DAB}.Release|Any CPU.ActiveCfg = Release|Any CPU
		{9856A327-4F41-4D7E-B343-18E691155DAB}.Release|Any CPU.Build.0 = Release|Any CPU
		{9856A327-4F41-4D7E-B343-18E691155DAB}.Release|x64.ActiveCfg = Release|Any CPU
		{9856A327-4F41-4D7E-B343-18E691155DAB}.Release|x64.Build.0 = Release|Any CPU
		{9856A327-4F41-4D7E-B343-18E691155DAB}.Release|x86.ActiveCfg = Release|Any CPU
		{9856A327-4F41-4D7E-B343-18E691155DAB}.Release|x86.Build.0 = Release|Any CPU
	EndGlobalSection
	GlobalSection(SolutionProperties) = preSolution
		HideSolutionNode = FALSE
	EndGlobalSection
EndGlobal
